
Microsoft Visual Studio Solution File, Format Version 11.00
# Visual Basic Express 2010
Project("{F184B08F-C81C-45F6-A57F-5ABD9991F28F}") = "Payroll", "Payroll\Payroll.vbproj", "{303921EF-E3BB-4D91-8F57-9C41F1576781}"
EndProject
Global
	GlobalSection(SolutionConfigurationPlatforms) = preSolution
		Debug|x86 = Debug|x86
		Release|x86 = Release|x86
	EndGlobalSection
	GlobalSection(ProjectConfigurationPlatforms) = postSolution
		{303921EF-E3BB-4D91-8F57-9C41F1576781}.Debug|x86.ActiveCfg = Debug|x86
		{303921EF-E3BB-4D91-8F57-9C41F1576781}.Debug|x86.Build.0 = Debug|x86
		{303921EF-E3BB-4D91-8F57-9C41F1576781}.Release|x86.ActiveCfg = Release|x86
		{303921EF-E3BB-4D91-8F57-9C41F1576781}.Release|x86.Build.0 = Release|x86
	EndGlobalSection
	GlobalSection(SolutionProperties) = preSolution
		HideSolutionNode = FALSE
	EndGlobalSection
EndGlobal
