
Microsoft Visual Studio Solution File, Format Version 11.00
# Visual Basic Express 2010
Project("{F184B08F-C81C-45F6-A57F-5ABD9991F28F}") = "MyLucky7", "MyLucky7\MyLucky7.vbproj", "{3B01EF93-8C50-4A87-A001-C2127E056D33}"
EndProject
Global
	GlobalSection(SolutionConfigurationPlatforms) = preSolution
		Debug|x86 = Debug|x86
		Release|x86 = Release|x86
	EndGlobalSection
	GlobalSection(ProjectConfigurationPlatforms) = postSolution
		{3B01EF93-8C50-4A87-A001-C2127E056D33}.Debug|x86.ActiveCfg = Debug|x86
		{3B01EF93-8C50-4A87-A001-C2127E056D33}.Debug|x86.Build.0 = Debug|x86
		{3B01EF93-8C50-4A87-A001-C2127E056D33}.Release|x86.ActiveCfg = Release|x86
		{3B01EF93-8C50-4A87-A001-C2127E056D33}.Release|x86.Build.0 = Release|x86
	EndGlobalSection
	GlobalSection(SolutionProperties) = preSolution
		HideSolutionNode = FALSE
	EndGlobalSection
EndGlobal
