
Microsoft Visual Studio Solution File, Format Version 11.00
# Visual Basic Express 2010
Project("{F184B08F-C81C-45F6-A57F-5ABD9991F28F}") = "MyBirthday", "MyBirthday\MyBirthday.vbproj", "{131F859E-1055-4838-BF4A-5412380BBC55}"
EndProject
Global
	GlobalSection(SolutionConfigurationPlatforms) = preSolution
		Debug|x86 = Debug|x86
		Release|x86 = Release|x86
	EndGlobalSection
	GlobalSection(ProjectConfigurationPlatforms) = postSolution
		{131F859E-1055-4838-BF4A-5412380BBC55}.Debug|x86.ActiveCfg = Debug|x86
		{131F859E-1055-4838-BF4A-5412380BBC55}.Debug|x86.Build.0 = Debug|x86
		{131F859E-1055-4838-BF4A-5412380BBC55}.Release|x86.ActiveCfg = Release|x86
		{131F859E-1055-4838-BF4A-5412380BBC55}.Release|x86.Build.0 = Release|x86
	EndGlobalSection
	GlobalSection(SolutionProperties) = preSolution
		HideSolutionNode = FALSE
	EndGlobalSection
EndGlobal
